
Microsoft Visual Studio Solution File, Format Version 12.00
# Visual Studio 15
VisualStudioVersion = 15.0.28307.271
MinimumVisualStudioVersion = 10.0.40219.1
Project("{FAE04EC0-301F-11D3-BF4B-00C04F79EFBC}") = "NFCReader", "NFCReader\NFCReader.csproj", "{945340AC-C765-43ED-AA60-DC61A839BD4B}"
EndProject
Global
	GlobalSection(SolutionConfigurationPlatforms) = preSolution
		Debug|Any CPU = Debug|Any CPU
		Release|Any CPU = Release|Any CPU
	EndGlobalSection
	GlobalSection(ProjectConfigurationPlatforms) = postSolution
		{945340AC-C765-43ED-AA60-DC61A839BD4B}.Debug|Any CPU.ActiveCfg = Debug|Any CPU
		{945340AC-C765-43ED-AA60-DC61A839BD4B}.Debug|Any CPU.Build.0 = Debug|Any CPU
		{945340AC-C765-43ED-AA60-DC61A839BD4B}.Release|Any CPU.ActiveCfg = Release|Any CPU
		{945340AC-C765-43ED-AA60-DC61A839BD4B}.Release|Any CPU.Build.0 = Release|Any CPU
	EndGlobalSection
	GlobalSection(SolutionProperties) = preSolution
		HideSolutionNode = FALSE
	EndGlobalSection
	GlobalSection(ExtensibilityGlobals) = postSolution
		SolutionGuid = {C6A597E1-3AA7-4B20-9B55-A85D09AB6EF3}
	EndGlobalSection
EndGlobal
